{
  "version": 2,
  "dependencies": {
    "net10.0-windows7.0": {
      "docpivot.core": {
        "type": "Project"
      },
      "docpivot.infrastructure": {
        "type": "Project",
        "dependencies": {
          "DocPivot.Core": "[1.0.0, )"
        }
      },
      "docpivot.officeworker": {
        "type": "Project",
        "dependencies": {
          "DocPivot.Core": "[1.0.0, )",
          "DocPivot.Infrastructure": "[1.0.0, )"
        }
      }
    }
  }
}